
Microsoft Visual Studio Solution File, Format Version 12.00
# Visual Studio Version 17
VisualStudioVersion = 17.2.32616.157
MinimumVisualStudioVersion = 10.0.40219.1
Project("{FAE04EC0-301F-11D3-BF4B-00C04F79EFBC}") = "Code Katas", "Code Katas\Code Katas.csproj", "{A3AF03F0-AA8C-491B-A6E1-DAA6FE581B75}"
EndProject
Project("{FAE04EC0-301F-11D3-BF4B-00C04F79EFBC}") = "Code Katas Tests", "Code Katas Tests\Code Katas Tests.csproj", "{3947BD55-9A1D-489A-944A-9A66F0B45046}"
EndProject
Global
	GlobalSection(SolutionConfigurationPlatforms) = preSolution
		Debug|Any CPU = Debug|Any CPU
		Release|Any CPU = Release|Any CPU
	EndGlobalSection
	GlobalSection(ProjectConfigurationPlatforms) = postSolution
		{A3AF03F0-AA8C-491B-A6E1-DAA6FE581B75}.Debug|Any CPU.ActiveCfg = Debug|Any CPU
		{A3AF03F0-AA8C-491B-A6E1-DAA6FE581B75}.Debug|Any CPU.Build.0 = Debug|Any CPU
		{A3AF03F0-AA8C-491B-A6E1-DAA6FE581B75}.Release|Any CPU.ActiveCfg = Release|Any CPU
		{A3AF03F0-AA8C-491B-A6E1-DAA6FE581B75}.Release|Any CPU.Build.0 = Release|Any CPU
		{3947BD55-9A1D-489A-944A-9A66F0B45046}.Debug|Any CPU.ActiveCfg = Debug|Any CPU
		{3947BD55-9A1D-489A-944A-9A66F0B45046}.Debug|Any CPU.Build.0 = Debug|Any CPU
		{3947BD55-9A1D-489A-944A-9A66F0B45046}.Release|Any CPU.ActiveCfg = Release|Any CPU
		{3947BD55-9A1D-489A-944A-9A66F0B45046}.Release|Any CPU.Build.0 = Release|Any CPU
	EndGlobalSection
	GlobalSection(SolutionProperties) = preSolution
		HideSolutionNode = FALSE
	EndGlobalSection
	GlobalSection(ExtensibilityGlobals) = postSolution
		SolutionGuid = {097C6BF2-BA61-4323-8F36-925A5107FFF8}
	EndGlobalSection
EndGlobal
