
Microsoft Visual Studio Solution File, Format Version 12.00
# Visual Studio Version 17
VisualStudioVersion = 17.2.32616.157
MinimumVisualStudioVersion = 10.0.40219.1
Project("{FAE04EC0-301F-11D3-BF4B-00C04F79EFBC}") = "CodeToTest", "CodeToTest\CodeToTest.csproj", "{97ACCA01-AEE7-4AB3-8460-ED1134C00136}"
EndProject
Project("{FAE04EC0-301F-11D3-BF4B-00C04F79EFBC}") = "CodeToTestTestererererer", "CodeToTestTestererererer\CodeToTestTestererererer.csproj", "{EFF349A5-7A65-425D-83B1-D7FBA119688F}"
EndProject
Global
	GlobalSection(SolutionConfigurationPlatforms) = preSolution
		Debug|Any CPU = Debug|Any CPU
		Release|Any CPU = Release|Any CPU
	EndGlobalSection
	GlobalSection(ProjectConfigurationPlatforms) = postSolution
		{97ACCA01-AEE7-4AB3-8460-ED1134C00136}.Debug|Any CPU.ActiveCfg = Debug|Any CPU
		{97ACCA01-AEE7-4AB3-8460-ED1134C00136}.Debug|Any CPU.Build.0 = Debug|Any CPU
		{97ACCA01-AEE7-4AB3-8460-ED1134C00136}.Release|Any CPU.ActiveCfg = Release|Any CPU
		{97ACCA01-AEE7-4AB3-8460-ED1134C00136}.Release|Any CPU.Build.0 = Release|Any CPU
		{EFF349A5-7A65-425D-83B1-D7FBA119688F}.Debug|Any CPU.ActiveCfg = Debug|Any CPU
		{EFF349A5-7A65-425D-83B1-D7FBA119688F}.Debug|Any CPU.Build.0 = Debug|Any CPU
		{EFF349A5-7A65-425D-83B1-D7FBA119688F}.Release|Any CPU.ActiveCfg = Release|Any CPU
		{EFF349A5-7A65-425D-83B1-D7FBA119688F}.Release|Any CPU.Build.0 = Release|Any CPU
	EndGlobalSection
	GlobalSection(SolutionProperties) = preSolution
		HideSolutionNode = FALSE
	EndGlobalSection
	GlobalSection(ExtensibilityGlobals) = postSolution
		SolutionGuid = {80A643A3-5C2C-49A4-BCCE-985254EA18CE}
	EndGlobalSection
EndGlobal
