
Microsoft Visual Studio Solution File, Format Version 12.00
# Visual Studio Version 17
VisualStudioVersion = 17.2.32616.157
MinimumVisualStudioVersion = 10.0.40219.1
Project("{FAE04EC0-301F-11D3-BF4B-00C04F79EFBC}") = "MoreDataTypesApp", "MoreDataTypesApp\MoreDataTypesApp.csproj", "{C8F5734A-37F9-4786-9638-6E0692A80C33}"
EndProject
Global
	GlobalSection(SolutionConfigurationPlatforms) = preSolution
		Debug|Any CPU = Debug|Any CPU
		Release|Any CPU = Release|Any CPU
	EndGlobalSection
	GlobalSection(ProjectConfigurationPlatforms) = postSolution
		{C8F5734A-37F9-4786-9638-6E0692A80C33}.Debug|Any CPU.ActiveCfg = Debug|Any CPU
		{C8F5734A-37F9-4786-9638-6E0692A80C33}.Debug|Any CPU.Build.0 = Debug|Any CPU
		{C8F5734A-37F9-4786-9638-6E0692A80C33}.Release|Any CPU.ActiveCfg = Release|Any CPU
		{C8F5734A-37F9-4786-9638-6E0692A80C33}.Release|Any CPU.Build.0 = Release|Any CPU
	EndGlobalSection
	GlobalSection(SolutionProperties) = preSolution
		HideSolutionNode = FALSE
	EndGlobalSection
	GlobalSection(ExtensibilityGlobals) = postSolution
		SolutionGuid = {A080580C-E2E9-43DC-88A5-5A95E93B9373}
	EndGlobalSection
EndGlobal
